
Microsoft Visual Studio Solution File, Format Version 12.00
# Visual Studio Version 16
VisualStudioVersion = 16.0.29613.14
MinimumVisualStudioVersion = 10.0.40219.1
Project("{FAE04EC0-301F-11D3-BF4B-00C04F79EFBC}") = "PuntoDeVenta.Vistas", "PuntoDeVenta.Vistas\PuntoDeVenta.Vistas.csproj", "{D5AD7DE2-65D3-45A7-8358-E2C8C5602369}"
EndProject
Project("{FAE04EC0-301F-11D3-BF4B-00C04F79EFBC}") = "PuntoDeVenta.BLL", "PuntoDeVenta.BLL\PuntoDeVenta.BLL.csproj", "{B2255D21-822D-4C36-B01A-21B8DBEE9D19}"
EndProject
Project("{FAE04EC0-301F-11D3-BF4B-00C04F79EFBC}") = "PuntoDeVenta.DAO", "PuntoDeVenta.DAO\PuntoDeVenta.DAO.csproj", "{90628DE7-E637-4FC1-88F2-8BBB1147040B}"
EndProject
Project("{FAE04EC0-301F-11D3-BF4B-00C04F79EFBC}") = "PuntoDeVenta.Entidades", "PuntoDeVenta.Entidades\PuntoDeVenta.Entidades.csproj", "{BC5E7785-7D6D-4EFF-842D-A0DBA73EAE98}"
EndProject
Project("{FAE04EC0-301F-11D3-BF4B-00C04F79EFBC}") = "PuntoDeVenta.UTILS", "PuntoDeVenta.UTILS\PuntoDeVenta.UTILS.csproj", "{D2A6DFA7-8A0C-4BED-8F10-E2A378D57F60}"
EndProject
Global
	GlobalSection(SolutionConfigurationPlatforms) = preSolution
		Debug|Any CPU = Debug|Any CPU
		Release|Any CPU = Release|Any CPU
	EndGlobalSection
	GlobalSection(ProjectConfigurationPlatforms) = postSolution
		{D5AD7DE2-65D3-45A7-8358-E2C8C5602369}.Debug|Any CPU.ActiveCfg = Debug|Any CPU
		{D5AD7DE2-65D3-45A7-8358-E2C8C5602369}.Debug|Any CPU.Build.0 = Debug|Any CPU
		{D5AD7DE2-65D3-45A7-8358-E2C8C5602369}.Release|Any CPU.ActiveCfg = Release|Any CPU
		{D5AD7DE2-65D3-45A7-8358-E2C8C5602369}.Release|Any CPU.Build.0 = Release|Any CPU
		{B2255D21-822D-4C36-B01A-21B8DBEE9D19}.Debug|Any CPU.ActiveCfg = Debug|Any CPU
		{B2255D21-822D-4C36-B01A-21B8DBEE9D19}.Debug|Any CPU.Build.0 = Debug|Any CPU
		{B2255D21-822D-4C36-B01A-21B8DBEE9D19}.Release|Any CPU.ActiveCfg = Release|Any CPU
		{B2255D21-822D-4C36-B01A-21B8DBEE9D19}.Release|Any CPU.Build.0 = Release|Any CPU
		{90628DE7-E637-4FC1-88F2-8BBB1147040B}.Debug|Any CPU.ActiveCfg = Debug|Any CPU
		{90628DE7-E637-4FC1-88F2-8BBB1147040B}.Debug|Any CPU.Build.0 = Debug|Any CPU
		{90628DE7-E637-4FC1-88F2-8BBB1147040B}.Release|Any CPU.ActiveCfg = Release|Any CPU
		{90628DE7-E637-4FC1-88F2-8BBB1147040B}.Release|Any CPU.Build.0 = Release|Any CPU
		{BC5E7785-7D6D-4EFF-842D-A0DBA73EAE98}.Debug|Any CPU.ActiveCfg = Debug|Any CPU
		{BC5E7785-7D6D-4EFF-842D-A0DBA73EAE98}.Debug|Any CPU.Build.0 = Debug|Any CPU
		{BC5E7785-7D6D-4EFF-842D-A0DBA73EAE98}.Release|Any CPU.ActiveCfg = Release|Any CPU
		{BC5E7785-7D6D-4EFF-842D-A0DBA73EAE98}.Release|Any CPU.Build.0 = Release|Any CPU
		{D2A6DFA7-8A0C-4BED-8F10-E2A378D57F60}.Debug|Any CPU.ActiveCfg = Debug|Any CPU
		{D2A6DFA7-8A0C-4BED-8F10-E2A378D57F60}.Debug|Any CPU.Build.0 = Debug|Any CPU
		{D2A6DFA7-8A0C-4BED-8F10-E2A378D57F60}.Release|Any CPU.ActiveCfg = Release|Any CPU
		{D2A6DFA7-8A0C-4BED-8F10-E2A378D57F60}.Release|Any CPU.Build.0 = Release|Any CPU
	EndGlobalSection
	GlobalSection(SolutionProperties) = preSolution
		HideSolutionNode = FALSE
	EndGlobalSection
	GlobalSection(ExtensibilityGlobals) = postSolution
		SolutionGuid = {AE36E54C-10B5-42A4-9517-268C2785716E}
	EndGlobalSection
EndGlobal
